
Microsoft Visual Studio Solution File, Format Version 11.00
# Visual Studio 2010
Project("{8BC9CEB8-8B4A-11D0-8D11-00A0C91BC942}") = "console32", "console32\console32.vcxproj", "{A39E4E7A-268D-4672-AFB9-347C8164A34B}"
EndProject
Global
	GlobalSection(SolutionConfigurationPlatforms) = preSolution
		Debug|Win32 = Debug|Win32
		Release|Win32 = Release|Win32
	EndGlobalSection
	GlobalSection(ProjectConfigurationPlatforms) = postSolution
		{A39E4E7A-268D-4672-AFB9-347C8164A34B}.Debug|Win32.ActiveCfg = Debug|Win32
		{A39E4E7A-268D-4672-AFB9-347C8164A34B}.Debug|Win32.Build.0 = Debug|Win32
		{A39E4E7A-268D-4672-AFB9-347C8164A34B}.Release|Win32.ActiveCfg = Release|Win32
		{A39E4E7A-268D-4672-AFB9-347C8164A34B}.Release|Win32.Build.0 = Release|Win32
	EndGlobalSection
	GlobalSection(SolutionProperties) = preSolution
		HideSolutionNode = FALSE
	EndGlobalSection
EndGlobal
